
Microsoft Visual Studio Solution File, Format Version 12.00
# Visual Studio Version 17
VisualStudioVersion = 17.4.33110.190
MinimumVisualStudioVersion = 10.0.40219.1
Project("{2150E333-8FDC-42A3-9474-1A3956D46DE8}") = "Creational Patterns", "Creational Patterns", "{010F37A5-1C1F-4F22-8F33-A9ACB3A1FADD}"
EndProject
Project("{FAE04EC0-301F-11D3-BF4B-00C04F79EFBC}") = "FactoryMethod", "FactoryMethod\FactoryMethod.csproj", "{F084F99E-8EBF-4267-BC02-2D59F8BA26CA}"
EndProject
Global
	GlobalSection(SolutionConfigurationPlatforms) = preSolution
		Debug|Any CPU = Debug|Any CPU
		Release|Any CPU = Release|Any CPU
	EndGlobalSection
	GlobalSection(ProjectConfigurationPlatforms) = postSolution
		{F084F99E-8EBF-4267-BC02-2D59F8BA26CA}.Debug|Any CPU.ActiveCfg = Debug|Any CPU
		{F084F99E-8EBF-4267-BC02-2D59F8BA26CA}.Debug|Any CPU.Build.0 = Debug|Any CPU
		{F084F99E-8EBF-4267-BC02-2D59F8BA26CA}.Release|Any CPU.ActiveCfg = Release|Any CPU
		{F084F99E-8EBF-4267-BC02-2D59F8BA26CA}.Release|Any CPU.Build.0 = Release|Any CPU
	EndGlobalSection
	GlobalSection(SolutionProperties) = preSolution
		HideSolutionNode = FALSE
	EndGlobalSection
	GlobalSection(NestedProjects) = preSolution
		{F084F99E-8EBF-4267-BC02-2D59F8BA26CA} = {010F37A5-1C1F-4F22-8F33-A9ACB3A1FADD}
	EndGlobalSection
	GlobalSection(ExtensibilityGlobals) = postSolution
		SolutionGuid = {849CD0AA-AEB2-4E57-8487-ED06DCBB5E8E}
	EndGlobalSection
EndGlobal
